
Microsoft Visual Studio Solution File, Format Version 12.00
# Visual Studio Version 16
VisualStudioVersion = 16.0.30804.86
MinimumVisualStudioVersion = 10.0.40219.1
Project("{FAE04EC0-301F-11D3-BF4B-00C04F79EFBC}") = "CourseManagementSystem", "CourseManagementSystem.csproj", "{2FA218D3-2BEA-47A1-8923-C363A53B1621}"
EndProject
Global
	GlobalSection(SolutionConfigurationPlatforms) = preSolution
		Debug|Any CPU = Debug|Any CPU
		Release|Any CPU = Release|Any CPU
	EndGlobalSection
	GlobalSection(ProjectConfigurationPlatforms) = postSolution
		{2FA218D3-2BEA-47A1-8923-C363A53B1621}.Debug|Any CPU.ActiveCfg = Debug|Any CPU
		{2FA218D3-2BEA-47A1-8923-C363A53B1621}.Debug|Any CPU.Build.0 = Debug|Any CPU
		{2FA218D3-2BEA-47A1-8923-C363A53B1621}.Release|Any CPU.ActiveCfg = Release|Any CPU
		{2FA218D3-2BEA-47A1-8923-C363A53B1621}.Release|Any CPU.Build.0 = Release|Any CPU
	EndGlobalSection
	GlobalSection(SolutionProperties) = preSolution
		HideSolutionNode = FALSE
	EndGlobalSection
	GlobalSection(ExtensibilityGlobals) = postSolution
		SolutionGuid = {65210579-2EF5-4C45-992A-3CCFD1D5625E}
	EndGlobalSection
EndGlobal
